
Microsoft Visual Studio Solution File, Format Version 12.00
# Visual Studio Version 17
VisualStudioVersion = 17.0.32014.148
MinimumVisualStudioVersion = 10.0.40219.1
Project("{FAE04EC0-301F-11D3-BF4B-00C04F79EFBC}") = "Data.ImportExportService", "Data.ImportExportService\Data.ImportExportService.csproj", "{4A8336FC-1E90-4835-B838-791F9DA512A9}"
EndProject
Project("{FAE04EC0-301F-11D3-BF4B-00C04F79EFBC}") = "ServiceExtensions", "src\ServiceExtensions\ServiceExtensions.csproj", "{B5F5DE02-4BB2-48D2-8A17-D05682EBC52C}"
EndProject
Project("{FAE04EC0-301F-11D3-BF4B-00C04F79EFBC}") = "CommonLib", "src\CommonLib\CommonLib.csproj", "{FD6A796E-9652-4A14-93D0-06718F82179A}"
EndProject
Global
	GlobalSection(SolutionConfigurationPlatforms) = preSolution
		Debug|Any CPU = Debug|Any CPU
		Release|Any CPU = Release|Any CPU
	EndGlobalSection
	GlobalSection(ProjectConfigurationPlatforms) = postSolution
		{4A8336FC-1E90-4835-B838-791F9DA512A9}.Debug|Any CPU.ActiveCfg = Debug|Any CPU
		{4A8336FC-1E90-4835-B838-791F9DA512A9}.Debug|Any CPU.Build.0 = Debug|Any CPU
		{4A8336FC-1E90-4835-B838-791F9DA512A9}.Release|Any CPU.ActiveCfg = Release|Any CPU
		{4A8336FC-1E90-4835-B838-791F9DA512A9}.Release|Any CPU.Build.0 = Release|Any CPU
		{B5F5DE02-4BB2-48D2-8A17-D05682EBC52C}.Debug|Any CPU.ActiveCfg = Debug|Any CPU
		{B5F5DE02-4BB2-48D2-8A17-D05682EBC52C}.Debug|Any CPU.Build.0 = Debug|Any CPU
		{B5F5DE02-4BB2-48D2-8A17-D05682EBC52C}.Release|Any CPU.ActiveCfg = Release|Any CPU
		{B5F5DE02-4BB2-48D2-8A17-D05682EBC52C}.Release|Any CPU.Build.0 = Release|Any CPU
		{FD6A796E-9652-4A14-93D0-06718F82179A}.Debug|Any CPU.ActiveCfg = Debug|Any CPU
		{FD6A796E-9652-4A14-93D0-06718F82179A}.Debug|Any CPU.Build.0 = Debug|Any CPU
		{FD6A796E-9652-4A14-93D0-06718F82179A}.Release|Any CPU.ActiveCfg = Release|Any CPU
		{FD6A796E-9652-4A14-93D0-06718F82179A}.Release|Any CPU.Build.0 = Release|Any CPU
	EndGlobalSection
	GlobalSection(SolutionProperties) = preSolution
		HideSolutionNode = FALSE
	EndGlobalSection
	GlobalSection(ExtensibilityGlobals) = postSolution
		SolutionGuid = {E0D47657-D2FE-495E-835B-FA5DADA5020B}
	EndGlobalSection
EndGlobal
